
Microsoft Visual Studio Solution File, Format Version 12.00
# Visual Studio Version 17
VisualStudioVersion = 17.9.34701.34
MinimumVisualStudioVersion = 10.0.40219.1
Project("{FAE04EC0-301F-11D3-BF4B-00C04F79EFBC}") = "PizzaStoreCRUD", "PizzaStoreCRUD\PizzaStoreCRUD.csproj", "{29044C26-ECDA-4F48-BE0C-5C4E2DC3442E}"
EndProject
Global
	GlobalSection(SolutionConfigurationPlatforms) = preSolution
		Debug|Any CPU = Debug|Any CPU
		Release|Any CPU = Release|Any CPU
	EndGlobalSection
	GlobalSection(ProjectConfigurationPlatforms) = postSolution
		{29044C26-ECDA-4F48-BE0C-5C4E2DC3442E}.Debug|Any CPU.ActiveCfg = Debug|Any CPU
		{29044C26-ECDA-4F48-BE0C-5C4E2DC3442E}.Debug|Any CPU.Build.0 = Debug|Any CPU
		{29044C26-ECDA-4F48-BE0C-5C4E2DC3442E}.Release|Any CPU.ActiveCfg = Release|Any CPU
		{29044C26-ECDA-4F48-BE0C-5C4E2DC3442E}.Release|Any CPU.Build.0 = Release|Any CPU
	EndGlobalSection
	GlobalSection(SolutionProperties) = preSolution
		HideSolutionNode = FALSE
	EndGlobalSection
	GlobalSection(ExtensibilityGlobals) = postSolution
		SolutionGuid = {EF9DE567-3DAF-4C07-96C8-1243DCE91E62}
	EndGlobalSection
EndGlobal
